
Microsoft Visual Studio Solution File, Format Version 12.00
# Visual Studio Version 17
VisualStudioVersion = 17.0.32112.339
MinimumVisualStudioVersion = 10.0.40219.1
Project("{FAE04EC0-301F-11D3-BF4B-00C04F79EFBC}") = "Waterful", "Waterful.csproj", "{50992B48-BD87-4C13-BCDB-BE443E2787C0}"
EndProject
Global
	GlobalSection(SolutionConfigurationPlatforms) = preSolution
		Debug|Any CPU = Debug|Any CPU
		Release|Any CPU = Release|Any CPU
	EndGlobalSection
	GlobalSection(ProjectConfigurationPlatforms) = postSolution
		{50992B48-BD87-4C13-BCDB-BE443E2787C0}.Debug|Any CPU.ActiveCfg = Debug|Any CPU
		{50992B48-BD87-4C13-BCDB-BE443E2787C0}.Debug|Any CPU.Build.0 = Debug|Any CPU
		{50992B48-BD87-4C13-BCDB-BE443E2787C0}.Release|Any CPU.ActiveCfg = Release|Any CPU
		{50992B48-BD87-4C13-BCDB-BE443E2787C0}.Release|Any CPU.Build.0 = Release|Any CPU
	EndGlobalSection
	GlobalSection(SolutionProperties) = preSolution
		HideSolutionNode = FALSE
	EndGlobalSection
	GlobalSection(ExtensibilityGlobals) = postSolution
		SolutionGuid = {D4D8FE58-0314-42E2-B934-47CE6724E544}
	EndGlobalSection
EndGlobal
